
Microsoft Visual Studio Solution File, Format Version 12.00
# Visual Studio Version 17
VisualStudioVersion = 17.13.35825.156 d17.13
MinimumVisualStudioVersion = 10.0.40219.1
Project("{FAE04EC0-301F-11D3-BF4B-00C04F79EFBC}") = "Quanlykhachsan", "Quanlykhachsan\Quanlykhachsan.csproj", "{31398321-5DCA-48AC-A01F-6075561253AD}"
EndProject
Global
	GlobalSection(SolutionConfigurationPlatforms) = preSolution
		Debug|Any CPU = Debug|Any CPU
		Release|Any CPU = Release|Any CPU
	EndGlobalSection
	GlobalSection(ProjectConfigurationPlatforms) = postSolution
		{31398321-5DCA-48AC-A01F-6075561253AD}.Debug|Any CPU.ActiveCfg = Debug|Any CPU
		{31398321-5DCA-48AC-A01F-6075561253AD}.Debug|Any CPU.Build.0 = Debug|Any CPU
		{31398321-5DCA-48AC-A01F-6075561253AD}.Release|Any CPU.ActiveCfg = Release|Any CPU
		{31398321-5DCA-48AC-A01F-6075561253AD}.Release|Any CPU.Build.0 = Release|Any CPU
	EndGlobalSection
	GlobalSection(SolutionProperties) = preSolution
		HideSolutionNode = FALSE
	EndGlobalSection
	GlobalSection(ExtensibilityGlobals) = postSolution
		SolutionGuid = {4FCB0BF6-7C20-4DCE-A2AF-BD7AE8F7EB0E}
	EndGlobalSection
EndGlobal
